
Microsoft Visual Studio Solution File, Format Version 12.00
# Visual Studio Version 17
VisualStudioVersion = 17.7.34202.233
MinimumVisualStudioVersion = 10.0.40219.1
Project("{FAE04EC0-301F-11D3-BF4B-00C04F79EFBC}") = "ConsoleApp6", "ConsoleApp6\ConsoleApp6.csproj", "{A6E9184B-230E-4BA5-BEFE-8DCBF15BDBED}"
EndProject
Global
	GlobalSection(SolutionConfigurationPlatforms) = preSolution
		Debug|Any CPU = Debug|Any CPU
		Release|Any CPU = Release|Any CPU
	EndGlobalSection
	GlobalSection(ProjectConfigurationPlatforms) = postSolution
		{A6E9184B-230E-4BA5-BEFE-8DCBF15BDBED}.Debug|Any CPU.ActiveCfg = Debug|Any CPU
		{A6E9184B-230E-4BA5-BEFE-8DCBF15BDBED}.Debug|Any CPU.Build.0 = Debug|Any CPU
		{A6E9184B-230E-4BA5-BEFE-8DCBF15BDBED}.Release|Any CPU.ActiveCfg = Release|Any CPU
		{A6E9184B-230E-4BA5-BEFE-8DCBF15BDBED}.Release|Any CPU.Build.0 = Release|Any CPU
	EndGlobalSection
	GlobalSection(SolutionProperties) = preSolution
		HideSolutionNode = FALSE
	EndGlobalSection
	GlobalSection(ExtensibilityGlobals) = postSolution
		SolutionGuid = {DD8A30C1-01E0-427A-9DE5-51F6688ECCCC}
	EndGlobalSection
EndGlobal
